
Microsoft Visual Studio Solution File, Format Version 12.00
# Visual Studio Version 17
VisualStudioVersion = 17.9.34714.143
MinimumVisualStudioVersion = 10.0.40219.1
Project("{9A19103F-16F7-4668-BE54-9A1E7A4F7556}") = "ScheepsvaartBL", "ScheepsvaartBL\ScheepsvaartBL.csproj", "{1C64A625-B373-48ED-86C9-33DDEF2D3BB5}"
EndProject
Project("{2150E333-8FDC-42A3-9474-1A3956D46DE8}") = "TestApps", "TestApps", "{C4FF1EC0-C5C9-4BE2-B466-F5E630992221}"
EndProject
Project("{9A19103F-16F7-4668-BE54-9A1E7A4F7556}") = "UnitTest", "UnitTest\UnitTest.csproj", "{FBB6D509-A5E9-4FD4-8CCF-CB3FBEAC7FBA}"
EndProject
Global
	GlobalSection(SolutionConfigurationPlatforms) = preSolution
		Debug|Any CPU = Debug|Any CPU
		Release|Any CPU = Release|Any CPU
	EndGlobalSection
	GlobalSection(ProjectConfigurationPlatforms) = postSolution
		{1C64A625-B373-48ED-86C9-33DDEF2D3BB5}.Debug|Any CPU.ActiveCfg = Debug|Any CPU
		{1C64A625-B373-48ED-86C9-33DDEF2D3BB5}.Debug|Any CPU.Build.0 = Debug|Any CPU
		{1C64A625-B373-48ED-86C9-33DDEF2D3BB5}.Release|Any CPU.ActiveCfg = Release|Any CPU
		{1C64A625-B373-48ED-86C9-33DDEF2D3BB5}.Release|Any CPU.Build.0 = Release|Any CPU
		{FBB6D509-A5E9-4FD4-8CCF-CB3FBEAC7FBA}.Debug|Any CPU.ActiveCfg = Debug|Any CPU
		{FBB6D509-A5E9-4FD4-8CCF-CB3FBEAC7FBA}.Debug|Any CPU.Build.0 = Debug|Any CPU
		{FBB6D509-A5E9-4FD4-8CCF-CB3FBEAC7FBA}.Release|Any CPU.ActiveCfg = Release|Any CPU
		{FBB6D509-A5E9-4FD4-8CCF-CB3FBEAC7FBA}.Release|Any CPU.Build.0 = Release|Any CPU
	EndGlobalSection
	GlobalSection(SolutionProperties) = preSolution
		HideSolutionNode = FALSE
	EndGlobalSection
	GlobalSection(NestedProjects) = preSolution
		{FBB6D509-A5E9-4FD4-8CCF-CB3FBEAC7FBA} = {C4FF1EC0-C5C9-4BE2-B466-F5E630992221}
	EndGlobalSection
	GlobalSection(ExtensibilityGlobals) = postSolution
		SolutionGuid = {FA4401D3-E826-4174-AE6D-CD422D856D6C}
	EndGlobalSection
EndGlobal
