
Microsoft Visual Studio Solution File, Format Version 12.00
# Visual Studio Version 17
VisualStudioVersion = 17.10.34916.146
MinimumVisualStudioVersion = 10.0.40219.1
Project("{FAE04EC0-301F-11D3-BF4B-00C04F79EFBC}") = "TestEventService", "TestEventService\TestEventService.csproj", "{EE69AF52-5871-4001-9791-C7EEDF9372B8}"
EndProject
Global
	GlobalSection(SolutionConfigurationPlatforms) = preSolution
		Debug|Any CPU = Debug|Any CPU
		Release|Any CPU = Release|Any CPU
	EndGlobalSection
	GlobalSection(ProjectConfigurationPlatforms) = postSolution
		{EE69AF52-5871-4001-9791-C7EEDF9372B8}.Debug|Any CPU.ActiveCfg = Debug|Any CPU
		{EE69AF52-5871-4001-9791-C7EEDF9372B8}.Debug|Any CPU.Build.0 = Debug|Any CPU
		{EE69AF52-5871-4001-9791-C7EEDF9372B8}.Release|Any CPU.ActiveCfg = Release|Any CPU
		{EE69AF52-5871-4001-9791-C7EEDF9372B8}.Release|Any CPU.Build.0 = Release|Any CPU
	EndGlobalSection
	GlobalSection(SolutionProperties) = preSolution
		HideSolutionNode = FALSE
	EndGlobalSection
	GlobalSection(ExtensibilityGlobals) = postSolution
		SolutionGuid = {BC0BDC62-F0CD-4BE8-A6DB-0D90C894CE11}
	EndGlobalSection
EndGlobal
