
Microsoft Visual Studio Solution File, Format Version 12.00
# Visual Studio Version 17
VisualStudioVersion = 17.9.34607.119
MinimumVisualStudioVersion = 10.0.40219.1
Project("{FAE04EC0-301F-11D3-BF4B-00C04F79EFBC}") = "StripsBL", "StripsBL\StripsBL.csproj", "{591A3D32-D53C-4494-8B9A-90DE34507E31}"
EndProject
Project("{FAE04EC0-301F-11D3-BF4B-00C04F79EFBC}") = "ConsoleAppTestBL", "ConsoleAppTestBL\ConsoleAppTestBL.csproj", "{316FF559-43DD-46D3-8CCD-2121F7C6B89C}"
EndProject
Global
	GlobalSection(SolutionConfigurationPlatforms) = preSolution
		Debug|Any CPU = Debug|Any CPU
		Release|Any CPU = Release|Any CPU
	EndGlobalSection
	GlobalSection(ProjectConfigurationPlatforms) = postSolution
		{591A3D32-D53C-4494-8B9A-90DE34507E31}.Debug|Any CPU.ActiveCfg = Debug|Any CPU
		{591A3D32-D53C-4494-8B9A-90DE34507E31}.Debug|Any CPU.Build.0 = Debug|Any CPU
		{591A3D32-D53C-4494-8B9A-90DE34507E31}.Release|Any CPU.ActiveCfg = Release|Any CPU
		{591A3D32-D53C-4494-8B9A-90DE34507E31}.Release|Any CPU.Build.0 = Release|Any CPU
		{316FF559-43DD-46D3-8CCD-2121F7C6B89C}.Debug|Any CPU.ActiveCfg = Debug|Any CPU
		{316FF559-43DD-46D3-8CCD-2121F7C6B89C}.Debug|Any CPU.Build.0 = Debug|Any CPU
		{316FF559-43DD-46D3-8CCD-2121F7C6B89C}.Release|Any CPU.ActiveCfg = Release|Any CPU
		{316FF559-43DD-46D3-8CCD-2121F7C6B89C}.Release|Any CPU.Build.0 = Release|Any CPU
	EndGlobalSection
	GlobalSection(SolutionProperties) = preSolution
		HideSolutionNode = FALSE
	EndGlobalSection
	GlobalSection(ExtensibilityGlobals) = postSolution
		SolutionGuid = {0F1ECBEA-06E6-4218-95ED-53045ABACC30}
	EndGlobalSection
EndGlobal
